
Microsoft Visual Studio Solution File, Format Version 12.00
# Visual Studio 15
VisualStudioVersion = 15.0.27428.2037
MinimumVisualStudioVersion = 10.0.40219.1
Project("{FAE04EC0-301F-11D3-BF4B-00C04F79EFBC}") = "BlackJackGuru", "BlackJackGuru\BlackJackGuru.csproj", "{9AEDD3BF-E4FB-40A3-AB17-B05D2A948F8D}"
EndProject
Global
	GlobalSection(SolutionConfigurationPlatforms) = preSolution
		Debug|Any CPU = Debug|Any CPU
		Release|Any CPU = Release|Any CPU
	EndGlobalSection
	GlobalSection(ProjectConfigurationPlatforms) = postSolution
		{9AEDD3BF-E4FB-40A3-AB17-B05D2A948F8D}.Debug|Any CPU.ActiveCfg = Debug|Any CPU
		{9AEDD3BF-E4FB-40A3-AB17-B05D2A948F8D}.Debug|Any CPU.Build.0 = Debug|Any CPU
		{9AEDD3BF-E4FB-40A3-AB17-B05D2A948F8D}.Release|Any CPU.ActiveCfg = Release|Any CPU
		{9AEDD3BF-E4FB-40A3-AB17-B05D2A948F8D}.Release|Any CPU.Build.0 = Release|Any CPU
	EndGlobalSection
	GlobalSection(SolutionProperties) = preSolution
		HideSolutionNode = FALSE
	EndGlobalSection
	GlobalSection(ExtensibilityGlobals) = postSolution
		SolutionGuid = {98B7585F-1D91-47D5-B30C-1C53DE0411A9}
	EndGlobalSection
EndGlobal
